
Microsoft Visual Studio Solution File, Format Version 12.00
# Visual Studio Version 17
VisualStudioVersion = 17.9.34728.123
MinimumVisualStudioVersion = 10.0.40219.1
Project("{FAE04EC0-301F-11D3-BF4B-00C04F79EFBC}") = "JuneCC", "JuneCC.csproj", "{753FFECC-C4C9-46FA-B783-3E038B45C456}"
EndProject
Global
	GlobalSection(SolutionConfigurationPlatforms) = preSolution
		Debug|Any CPU = Debug|Any CPU
		Release|Any CPU = Release|Any CPU
	EndGlobalSection
	GlobalSection(ProjectConfigurationPlatforms) = postSolution
		{753FFECC-C4C9-46FA-B783-3E038B45C456}.Debug|Any CPU.ActiveCfg = Debug|Any CPU
		{753FFECC-C4C9-46FA-B783-3E038B45C456}.Debug|Any CPU.Build.0 = Debug|Any CPU
		{753FFECC-C4C9-46FA-B783-3E038B45C456}.Release|Any CPU.ActiveCfg = Release|Any CPU
		{753FFECC-C4C9-46FA-B783-3E038B45C456}.Release|Any CPU.Build.0 = Release|Any CPU
	EndGlobalSection
	GlobalSection(SolutionProperties) = preSolution
		HideSolutionNode = FALSE
	EndGlobalSection
	GlobalSection(ExtensibilityGlobals) = postSolution
		SolutionGuid = {82CBF266-1BB4-4338-8CB6-EF0A53FF62D9}
	EndGlobalSection
EndGlobal
